
Microsoft Visual Studio Solution File, Format Version 12.00
# Visual Studio Version 17
VisualStudioVersion = 17.10.35013.160
MinimumVisualStudioVersion = 10.0.40219.1
Project("{FAE04EC0-301F-11D3-BF4B-00C04F79EFBC}") = "db", "db\db.csproj", "{5479A8A2-61A1-408A-8FF9-890BA17ACE42}"
EndProject
Project("{E53339B2-1760-4266-BCC7-CA923CBCF16C}") = "docker-compose", "docker-compose.dcproj", "{6BEBCB7A-1FDD-4053-8C44-A48978FE3540}"
EndProject
Project("{FAE04EC0-301F-11D3-BF4B-00C04F79EFBC}") = "UnitTest", "UnitTest\UnitTest.csproj", "{8AB9DB50-C7A0-4D45-B254-FB7B1E636FE5}"
EndProject
Global
	GlobalSection(SolutionConfigurationPlatforms) = preSolution
		Debug|Any CPU = Debug|Any CPU
		Release|Any CPU = Release|Any CPU
	EndGlobalSection
	GlobalSection(ProjectConfigurationPlatforms) = postSolution
		{5479A8A2-61A1-408A-8FF9-890BA17ACE42}.Debug|Any CPU.ActiveCfg = Debug|Any CPU
		{5479A8A2-61A1-408A-8FF9-890BA17ACE42}.Debug|Any CPU.Build.0 = Debug|Any CPU
		{5479A8A2-61A1-408A-8FF9-890BA17ACE42}.Release|Any CPU.ActiveCfg = Release|Any CPU
		{5479A8A2-61A1-408A-8FF9-890BA17ACE42}.Release|Any CPU.Build.0 = Release|Any CPU
		{6BEBCB7A-1FDD-4053-8C44-A48978FE3540}.Debug|Any CPU.ActiveCfg = Debug|Any CPU
		{6BEBCB7A-1FDD-4053-8C44-A48978FE3540}.Debug|Any CPU.Build.0 = Debug|Any CPU
		{6BEBCB7A-1FDD-4053-8C44-A48978FE3540}.Release|Any CPU.ActiveCfg = Release|Any CPU
		{6BEBCB7A-1FDD-4053-8C44-A48978FE3540}.Release|Any CPU.Build.0 = Release|Any CPU
		{8AB9DB50-C7A0-4D45-B254-FB7B1E636FE5}.Debug|Any CPU.ActiveCfg = Debug|Any CPU
		{8AB9DB50-C7A0-4D45-B254-FB7B1E636FE5}.Debug|Any CPU.Build.0 = Debug|Any CPU
		{8AB9DB50-C7A0-4D45-B254-FB7B1E636FE5}.Release|Any CPU.ActiveCfg = Release|Any CPU
		{8AB9DB50-C7A0-4D45-B254-FB7B1E636FE5}.Release|Any CPU.Build.0 = Release|Any CPU
	EndGlobalSection
	GlobalSection(SolutionProperties) = preSolution
		HideSolutionNode = FALSE
	EndGlobalSection
	GlobalSection(ExtensibilityGlobals) = postSolution
		SolutionGuid = {A947A5E8-F61B-43CA-A0CF-D032413A59FC}
	EndGlobalSection
EndGlobal
